
Microsoft Visual Studio Solution File, Format Version 12.00
# Visual Studio 2012
Project("{FAE04EC0-301F-11D3-BF4B-00C04F79EFBC}") = "ImageProcessor.Plugins.Effects", "ImageProcessor.Plugins.Effects\ImageProcessor.Plugins.Effects.csproj", "{B2540217-310E-461D-8E20-54A1B84387D7}"
EndProject
Project("{FAE04EC0-301F-11D3-BF4B-00C04F79EFBC}") = "ImageProcessor.Plugins.Effects.Tests", "ImageProcessor.Plugins.Effects.Tests\ImageProcessor.Plugins.Effects.Tests.csproj", "{B1B53B51-AB95-4281-B937-6343CCD2DA63}"
EndProject
Global
	GlobalSection(SolutionConfigurationPlatforms) = preSolution
		Debug|Any CPU = Debug|Any CPU
		Release|Any CPU = Release|Any CPU
	EndGlobalSection
	GlobalSection(ProjectConfigurationPlatforms) = postSolution
		{B1B53B51-AB95-4281-B937-6343CCD2DA63}.Debug|Any CPU.ActiveCfg = Debug|Any CPU
		{B1B53B51-AB95-4281-B937-6343CCD2DA63}.Debug|Any CPU.Build.0 = Debug|Any CPU
		{B1B53B51-AB95-4281-B937-6343CCD2DA63}.Release|Any CPU.ActiveCfg = Release|Any CPU
		{B1B53B51-AB95-4281-B937-6343CCD2DA63}.Release|Any CPU.Build.0 = Release|Any CPU
		{B2540217-310E-461D-8E20-54A1B84387D7}.Debug|Any CPU.ActiveCfg = Debug|Any CPU
		{B2540217-310E-461D-8E20-54A1B84387D7}.Debug|Any CPU.Build.0 = Debug|Any CPU
		{B2540217-310E-461D-8E20-54A1B84387D7}.Release|Any CPU.ActiveCfg = Release|Any CPU
		{B2540217-310E-461D-8E20-54A1B84387D7}.Release|Any CPU.Build.0 = Release|Any CPU
	EndGlobalSection
	GlobalSection(MonoDevelopProperties) = preSolution
		StartupItem = ImageProcessor.Plugins.Effects\ImageProcessor.Plugins.Effects.csproj
	EndGlobalSection
EndGlobal
